// !$*UTF8*$!
{
	archiveVersion = 1;
	classes = {
	};
	objectVersion = 50;
	objects = {

/* Begin PBXBuildFile section */
		301BFD1324E6E6C4008251AB /* AppDelegate.swift in Sources */ = {isa = PBXBuildFile; fileRef = 301BFD1224E6E6C4008251AB /* AppDelegate.swift */; };
		301BFD1524E6E6C4008251AB /* SceneDelegate.swift in Sources */ = {isa = PBXBuildFile; fileRef = 301BFD1424E6E6C4008251AB /* SceneDelegate.swift */; };
		301BFD1724E6E6C4008251AB /* BeginRunVC.swift in Sources */ = {isa = PBXBuildFile; fileRef = 301BFD1624E6E6C4008251AB /* BeginRunVC.swift */; };
		301BFD1924E6E6C4008251AB /* LogVC.swift in Sources */ = {isa = PBXBuildFile; fileRef = 301BFD1824E6E6C4008251AB /* LogVC.swift */; };
		301BFD1C24E6E6C4008251AB /* Main.storyboard in Resources */ = {isa = PBXBuildFile; fileRef = 301BFD1A24E6E6C4008251AB /* Main.storyboard */; };
		301BFD1F24E6E6C4008251AB /* NikeRunClone.xcdatamodeld in Sources */ = {isa = PBXBuildFile; fileRef = 301BFD1D24E6E6C4008251AB /* NikeRunClone.xcdatamodeld */; };
		301BFD2124E6E6C7008251AB /* Assets.xcassets in Resources */ = {isa = PBXBuildFile; fileRef = 301BFD2024E6E6C7008251AB /* Assets.xcassets */; };
		301BFD2424E6E6C7008251AB /* LaunchScreen.storyboard in Resources */ = {isa = PBXBuildFile; fileRef = 301BFD2224E6E6C7008251AB /* LaunchScreen.storyboard */; };
		305E564324EAC22100466816 /* LogTableViewCell.swift in Sources */ = {isa = PBXBuildFile; fileRef = 305E564224EAC22100466816 /* LogTableViewCell.swift */; };
		305E564524EC025500466816 /* CONSTANTS.swift in Sources */ = {isa = PBXBuildFile; fileRef = 305E564424EC025500466816 /* CONSTANTS.swift */; };
		305E564724EC098400466816 /* OnRunVC.swift in Sources */ = {isa = PBXBuildFile; fileRef = 305E564624EC098400466816 /* OnRunVC.swift */; };
/* End PBXBuildFile section */

/* Begin PBXFileReference section */
		301BFD0F24E6E6C4008251AB /* NikeRunClone.app */ = {isa = PBXFileReference; explicitFileType = wrapper.application; includeInIndex = 0; path = NikeRunClone.app; sourceTree = BUILT_PRODUCTS_DIR; };
		301BFD1224E6E6C4008251AB /* AppDelegate.swift */ = {isa = PBXFileReference; lastKnownFileType = sourcecode.swift; path = AppDelegate.swift; sourceTree = "<group>"; };
		301BFD1424E6E6C4008251AB /* SceneDelegate.swift */ = {isa = PBXFileReference; lastKnownFileType = sourcecode.swift; path = SceneDelegate.swift; sourceTree = "<group>"; };
		301BFD1624E6E6C4008251AB /* BeginRunVC.swift */ = {isa = PBXFileReference; lastKnownFileType = sourcecode.swift; path = BeginRunVC.swift; sourceTree = "<group>"; };
		301BFD1824E6E6C4008251AB /* LogVC.swift */ = {isa = PBXFileReference; lastKnownFileType = sourcecode.swift; path = LogVC.swift; sourceTree = "<group>"; };
		301BFD1B24E6E6C4008251AB /* Base */ = {isa = PBXFileReference; lastKnownFileType = file.storyboard; name = Base; path = Base.lproj/Main.storyboard; sourceTree = "<group>"; };
		301BFD1E24E6E6C4008251AB /* NikeRunClone.xcdatamodel */ = {isa = PBXFileReference; lastKnownFileType = wrapper.xcdatamodel; path = NikeRunClone.xcdatamodel; sourceTree = "<group>"; };
		301BFD2024E6E6C7008251AB /* Assets.xcassets */ = {isa = PBXFileReference; lastKnownFileType = folder.assetcatalog; path = Assets.xcassets; sourceTree = "<group>"; };
		301BFD2324E6E6C7008251AB /* Base */ = {isa = PBXFileReference; lastKnownFileType = file.storyboard; name = Base; path = Base.lproj/LaunchScreen.storyboard; sourceTree = "<group>"; };
		301BFD2524E6E6C7008251AB /* Info.plist */ = {isa = PBXFileReference; lastKnownFileType = text.plist.xml; path = Info.plist; sourceTree = "<group>"; };
		305E564224EAC22100466816 /* LogTableViewCell.swift */ = {isa = PBXFileReference; lastKnownFileType = sourcecode.swift; path = LogTableViewCell.swift; sourceTree = "<group>"; };
		305E564424EC025500466816 /* CONSTANTS.swift */ = {isa = PBXFileReference; lastKnownFileType = sourcecode.swift; path = CONSTANTS.swift; sourceTree = "<group>"; };
		305E564624EC098400466816 /* OnRunVC.swift */ = {isa = PBXFileReference; lastKnownFileType = sourcecode.swift; path = OnRunVC.swift; sourceTree = "<group>"; };
/* End PBXFileReference section */

/* Begin PBXFrameworksBuildPhase section */
		301BFD0C24E6E6C4008251AB /* Frameworks */ = {
			isa = PBXFrameworksBuildPhase;
			buildActionMask = 2147483647;
			files = (
			);
			runOnlyForDeploymentPostprocessing = 0;
		};
/* End PBXFrameworksBuildPhase section */

/* Begin PBXGroup section */
		301BFD0624E6E6C4008251AB = {
			isa = PBXGroup;
			children = (
				301BFD1124E6E6C4008251AB /* NikeRunClone */,
				301BFD1024E6E6C4008251AB /* Products */,
			);
			sourceTree = "<group>";
		};
		301BFD1024E6E6C4008251AB /* Products */ = {
			isa = PBXGroup;
			children = (
				301BFD0F24E6E6C4008251AB /* NikeRunClone.app */,
			);
			name = Products;
			sourceTree = "<group>";
		};
		301BFD1124E6E6C4008251AB /* NikeRunClone */ = {
			isa = PBXGroup;
			children = (
				305E563C24EAB7F900466816 /* Utilities */,
				305E563F24EAB81200466816 /* Extensions */,
				305E563E24EAB80D00466816 /* Model */,
				305E563D24EAB80700466816 /* View */,
				305E564124EABC6700466816 /* Controller */,
				301BFD1224E6E6C4008251AB /* AppDelegate.swift */,
				301BFD1424E6E6C4008251AB /* SceneDelegate.swift */,
				301BFD1A24E6E6C4008251AB /* Main.storyboard */,
				301BFD2024E6E6C7008251AB /* Assets.xcassets */,
				301BFD2224E6E6C7008251AB /* LaunchScreen.storyboard */,
				301BFD2524E6E6C7008251AB /* Info.plist */,
				301BFD1D24E6E6C4008251AB /* NikeRunClone.xcdatamodeld */,
			);
			path = NikeRunClone;
			sourceTree = "<group>";
		};
		305E563C24EAB7F900466816 /* Utilities */ = {
			isa = PBXGroup;
			children = (
				305E564424EC025500466816 /* CONSTANTS.swift */,
			);
			path = Utilities;
			sourceTree = "<group>";
		};
		305E563D24EAB80700466816 /* View */ = {
			isa = PBXGroup;
			children = (
				305E564224EAC22100466816 /* LogTableViewCell.swift */,
			);
			path = View;
			sourceTree = "<group>";
		};
		305E563E24EAB80D00466816 /* Model */ = {
			isa = PBXGroup;
			children = (
			);
			path = Model;
			sourceTree = "<group>";
		};
		305E563F24EAB81200466816 /* Extensions */ = {
			isa = PBXGroup;
			children = (
			);
			path = Extensions;
			sourceTree = "<group>";
		};
		305E564124EABC6700466816 /* Controller */ = {
			isa = PBXGroup;
			children = (
				301BFD1624E6E6C4008251AB /* BeginRunVC.swift */,
				305E564624EC098400466816 /* OnRunVC.swift */,
				301BFD1824E6E6C4008251AB /* LogVC.swift */,
			);
			path = Controller;
			sourceTree = "<group>";
		};
/* End PBXGroup section */

/* Begin PBXNativeTarget section */
		301BFD0E24E6E6C4008251AB /* NikeRunClone */ = {
			isa = PBXNativeTarget;
			buildConfigurationList = 301BFD2824E6E6C7008251AB /* Build configuration list for PBXNativeTarget "NikeRunClone" */;
			buildPhases = (
				301BFD0B24E6E6C4008251AB /* Sources */,
				301BFD0C24E6E6C4008251AB /* Frameworks */,
				301BFD0D24E6E6C4008251AB /* Resources */,
			);
			buildRules = (
			);
			dependencies = (
			);
			name = NikeRunClone;
			productName = NikeRunClone;
			productReference = 301BFD0F24E6E6C4008251AB /* NikeRunClone.app */;
			productType = "com.apple.product-type.application";
		};
/* End PBXNativeTarget section */

/* Begin PBXProject section */
		301BFD0724E6E6C4008251AB /* Project object */ = {
			isa = PBXProject;
			attributes = {
				LastSwiftUpdateCheck = 1150;
				LastUpgradeCheck = 1150;
				ORGANIZATIONNAME = "Roman Tuzhilkin";
				TargetAttributes = {
					301BFD0E24E6E6C4008251AB = {
						CreatedOnToolsVersion = 11.5;
					};
				};
			};
			buildConfigurationList = 301BFD0A24E6E6C4008251AB /* Build configuration list for PBXProject "NikeRunClone" */;
			compatibilityVersion = "Xcode 9.3";
			developmentRegion = en;
			hasScannedForEncodings = 0;
			knownRegions = (
				en,
				Base,
			);
			mainGroup = 301BFD0624E6E6C4008251AB;
			productRefGroup = 301BFD1024E6E6C4008251AB /* Products */;
			projectDirPath = "";
			projectRoot = "";
			targets = (
				301BFD0E24E6E6C4008251AB /* NikeRunClone */,
			);
		};
/* End PBXProject section */

/* Begin PBXResourcesBuildPhase section */
		301BFD0D24E6E6C4008251AB /* Resources */ = {
			isa = PBXResourcesBuildPhase;
			buildActionMask = 2147483647;
			files = (
				301BFD2424E6E6C7008251AB /* LaunchScreen.storyboard in Resources */,
				301BFD2124E6E6C7008251AB /* Assets.xcassets in Resources */,
				301BFD1C24E6E6C4008251AB /* Main.storyboard in Resources */,
			);
			runOnlyForDeploymentPostprocessing = 0;
		};
/* End PBXResourcesBuildPhase section */

/* Begin PBXSourcesBuildPhase section */
		301BFD0B24E6E6C4008251AB /* Sources */ = {
			isa = PBXSourcesBuildPhase;
			buildActionMask = 2147483647;
			files = (
				301BFD1924E6E6C4008251AB /* LogVC.swift in Sources */,
				305E564524EC025500466816 /* CONSTANTS.swift in Sources */,
				301BFD1724E6E6C4008251AB /* BeginRunVC.swift in Sources */,
				305E564724EC098400466816 /* OnRunVC.swift in Sources */,
				301BFD1F24E6E6C4008251AB /* NikeRunClone.xcdatamodeld in Sources */,
				301BFD1324E6E6C4008251AB /* AppDelegate.swift in Sources */,
				301BFD1524E6E6C4008251AB /* SceneDelegate.swift in Sources */,
				305E564324EAC22100466816 /* LogTableViewCell.swift in Sources */,
			);
			runOnlyForDeploymentPostprocessing = 0;
		};
/* End PBXSourcesBuildPhase section */

/* Begin PBXVariantGroup section */
		301BFD1A24E6E6C4008251AB /* Main.storyboard */ = {
			isa = PBXVariantGroup;
			children = (
				301BFD1B24E6E6C4008251AB /* Base */,
			);
			name = Main.storyboard;
			sourceTree = "<group>";
		};
		301BFD2224E6E6C7008251AB /* LaunchScreen.storyboard */ = {
			isa = PBXVariantGroup;
			children = (
				301BFD2324E6E6C7008251AB /* Base */,
			);
			name = LaunchScreen.storyboard;
			sourceTree = "<group>";
		};
/* End PBXVariantGroup section */

/* Begin XCBuildConfiguration section */
		301BFD2624E6E6C7008251AB /* Debug */ = {
			isa = XCBuildConfiguration;
			buildSettings = {
				ALWAYS_SEARCH_USER_PATHS = NO;
				CLANG_ANALYZER_NONNULL = YES;
				CLANG_ANALYZER_NUMBER_OBJECT_CONVERSION = YES_AGGRESSIVE;
				CLANG_CXX_LANGUAGE_STANDARD = "gnu++14";
				CLANG_CXX_LIBRARY = "libc++";
				CLANG_ENABLE_MODULES = YES;
				CLANG_ENABLE_OBJC_ARC = YES;
				CLANG_ENABLE_OBJC_WEAK = YES;
				CLANG_WARN_BLOCK_CAPTURE_AUTORELEASING = YES;
				CLANG_WARN_BOOL_CONVERSION = YES;
				CLANG_WARN_COMMA = YES;
				CLANG_WARN_CONSTANT_CONVERSION = YES;
				CLANG_WARN_DEPRECATED_OBJC_IMPLEMENTATIONS = YES;
				CLANG_WARN_DIRECT_OBJC_ISA_USAGE = YES_ERROR;
				CLANG_WARN_DOCUMENTATION_COMMENTS = YES;
				CLANG_WARN_EMPTY_BODY = YES;
				CLANG_WARN_ENUM_CONVERSION = YES;
				CLANG_WARN_INFINITE_RECURSION = YES;
				CLANG_WARN_INT_CONVERSION = YES;
				CLANG_WARN_NON_LITERAL_NULL_CONVERSION = YES;
				CLANG_WARN_OBJC_IMPLICIT_RETAIN_SELF = YES;
				CLANG_WARN_OBJC_LITERAL_CONVERSION = YES;
				CLANG_WARN_OBJC_ROOT_CLASS = YES_ERROR;
				CLANG_WARN_RANGE_LOOP_ANALYSIS = YES;
				CLANG_WARN_STRICT_PROTOTYPES = YES;
				CLANG_WARN_SUSPICIOUS_MOVE = YES;
				CLANG_WARN_UNGUARDED_AVAILABILITY = YES_AGGRESSIVE;
				CLANG_WARN_UNREACHABLE_CODE = YES;
				CLANG_WARN__DUPLICATE_METHOD_MATCH = YES;
				COPY_PHASE_STRIP = NO;
				DEBUG_INFORMATION_FORMAT = dwarf;
				ENABLE_STRICT_OBJC_MSGSEND = YES;
				ENABLE_TESTABILITY = YES;
				GCC_C_LANGUAGE_STANDARD = gnu11;
				GCC_DYNAMIC_NO_PIC = NO;
				GCC_NO_COMMON_BLOCKS = YES;
				GCC_OPTIMIZATION_LEVEL = 0;
				GCC_PREPROCESSOR_DEFINITIONS = (
					"DEBUG=1",
					"$(inherited)",
				);
				GCC_WARN_64_TO_32_BIT_CONVERSION = YES;
				GCC_WARN_ABOUT_RETURN_TYPE = YES_ERROR;
				GCC_WARN_UNDECLARED_SELECTOR = YES;
				GCC_WARN_UNINITIALIZED_AUTOS = YES_AGGRESSIVE;
				GCC_WARN_UNUSED_FUNCTION = YES;
				GCC_WARN_UNUSED_VARIABLE = YES;
				IPHONEOS_DEPLOYMENT_TARGET = 13.5;
				MTL_ENABLE_DEBUG_INFO = INCLUDE_SOURCE;
				MTL_FAST_MATH = YES;
				ONLY_ACTIVE_ARCH = YES;
				SDKROOT = iphoneos;
				SWIFT_ACTIVE_COMPILATION_CONDITIONS = DEBUG;
				SWIFT_OPTIMIZATION_LEVEL = "-Onone";
			};
			name = Debug;
		};
		301BFD2724E6E6C7008251AB /* Release */ = {
			isa = XCBuildConfiguration;
			buildSettings = {
				ALWAYS_SEARCH_USER_PATHS = NO;
				CLANG_ANALYZER_NONNULL = YES;
				CLANG_ANALYZER_NUMBER_OBJECT_CONVERSION = YES_AGGRESSIVE;
				CLANG_CXX_LANGUAGE_STANDARD = "gnu++14";
				CLANG_CXX_LIBRARY = "libc++";
				CLANG_ENABLE_MODULES = YES;
				CLANG_ENABLE_OBJC_ARC = YES;
				CLANG_ENABLE_OBJC_WEAK = YES;
				CLANG_WARN_BLOCK_CAPTURE_AUTORELEASING = YES;
				CLANG_WARN_BOOL_CONVERSION = YES;
				CLANG_WARN_COMMA = YES;
				CLANG_WARN_CONSTANT_CONVERSION = YES;
				CLANG_WARN_DEPRECATED_OBJC_IMPLEMENTATIONS = YES;
				CLANG_WARN_DIRECT_OBJC_ISA_USAGE = YES_ERROR;
				CLANG_WARN_DOCUMENTATION_COMMENTS = YES;
				CLANG_WARN_EMPTY_BODY = YES;
				CLANG_WARN_ENUM_CONVERSION = YES;
				CLANG_WARN_INFINITE_RECURSION = YES;
				CLANG_WARN_INT_CONVERSION = YES;
				CLANG_WARN_NON_LITERAL_NULL_CONVERSION = YES;
				CLANG_WARN_OBJC_IMPLICIT_RETAIN_SELF = YES;
				CLANG_WARN_OBJC_LITERAL_CONVERSION = YES;
				CLANG_WARN_OBJC_ROOT_CLASS = YES_ERROR;
				CLANG_WARN_RANGE_LOOP_ANALYSIS = YES;
				CLANG_WARN_STRICT_PROTOTYPES = YES;
				CLANG_WARN_SUSPICIOUS_MOVE = YES;
				CLANG_WARN_UNGUARDED_AVAILABILITY = YES_AGGRESSIVE;
				CLANG_WARN_UNREACHABLE_CODE = YES;
				CLANG_WARN__DUPLICATE_METHOD_MATCH = YES;
				COPY_PHASE_STRIP = NO;
				DEBUG_INFORMATION_FORMAT = "dwarf-with-dsym";
				ENABLE_NS_ASSERTIONS = NO;
				ENABLE_STRICT_OBJC_MSGSEND = YES;
				GCC_C_LANGUAGE_STANDARD = gnu11;
				GCC_NO_COMMON_BLOCKS = YES;
				GCC_WARN_64_TO_32_BIT_CONVERSION = YES;
				GCC_WARN_ABOUT_RETURN_TYPE = YES_ERROR;
				GCC_WARN_UNDECLARED_SELECTOR = YES;
				GCC_WARN_UNINITIALIZED_AUTOS = YES_AGGRESSIVE;
				GCC_WARN_UNUSED_FUNCTION = YES;
				GCC_WARN_UNUSED_VARIABLE = YES;
				IPHONEOS_DEPLOYMENT_TARGET = 13.5;
				MTL_ENABLE_DEBUG_INFO = NO;
				MTL_FAST_MATH = YES;
				SDKROOT = iphoneos;
				SWIFT_COMPILATION_MODE = wholemodule;
				SWIFT_OPTIMIZATION_LEVEL = "-O";
				VALIDATE_PRODUCT = YES;
			};
			name = Release;
		};
		301BFD2924E6E6C7008251AB /* Debug */ = {
			isa = XCBuildConfiguration;
			buildSettings = {
				ASSETCATALOG_COMPILER_APPICON_NAME = AppIcon;
				CODE_SIGN_STYLE = Automatic;
				DEVELOPMENT_TEAM = J59BKJGZ6C;
				INFOPLIST_FILE = NikeRunClone/Info.plist;
				LD_RUNPATH_SEARCH_PATHS = (
					"$(inherited)",
					"@executable_path/Frameworks",
				);
				PRODUCT_BUNDLE_IDENTIFIER = com.TuzCorp.NikeRunClone;
				PRODUCT_NAME = "$(TARGET_NAME)";
				SWIFT_VERSION = 5.0;
				TARGETED_DEVICE_FAMILY = "1,2";
			};
			name = Debug;
		};
		301BFD2A24E6E6C7008251AB /* Release */ = {
			isa = XCBuildConfiguration;
			buildSettings = {
				ASSETCATALOG_COMPILER_APPICON_NAME = AppIcon;
				CODE_SIGN_STYLE = Automatic;
				DEVELOPMENT_TEAM = J59BKJGZ6C;
				INFOPLIST_FILE = NikeRunClone/Info.plist;
				LD_RUNPATH_SEARCH_PATHS = (
					"$(inherited)",
					"@executable_path/Frameworks",
				);
				PRODUCT_BUNDLE_IDENTIFIER = com.TuzCorp.NikeRunClone;
				PRODUCT_NAME = "$(TARGET_NAME)";
				SWIFT_VERSION = 5.0;
				TARGETED_DEVICE_FAMILY = "1,2";
			};
			name = Release;
		};
/* End XCBuildConfiguration section */

/* Begin XCConfigurationList section */
		301BFD0A24E6E6C4008251AB /* Build configuration list for PBXProject "NikeRunClone" */ = {
			isa = XCConfigurationList;
			buildConfigurations = (
				301BFD2624E6E6C7008251AB /* Debug */,
				301BFD2724E6E6C7008251AB /* Release */,
			);
			defaultConfigurationIsVisible = 0;
			defaultConfigurationName = Release;
		};
		301BFD2824E6E6C7008251AB /* Build configuration list for PBXNativeTarget "NikeRunClone" */ = {
			isa = XCConfigurationList;
			buildConfigurations = (
				301BFD2924E6E6C7008251AB /* Debug */,
				301BFD2A24E6E6C7008251AB /* Release */,
			);
			defaultConfigurationIsVisible = 0;
			defaultConfigurationName = Release;
		};
/* End XCConfigurationList section */

/* Begin XCVersionGroup section */
		301BFD1D24E6E6C4008251AB /* NikeRunClone.xcdatamodeld */ = {
			isa = XCVersionGroup;
			children = (
				301BFD1E24E6E6C4008251AB /* NikeRunClone.xcdatamodel */,
			);
			currentVersion = 301BFD1E24E6E6C4008251AB /* NikeRunClone.xcdatamodel */;
			path = NikeRunClone.xcdatamodeld;
			sourceTree = "<group>";
			versionGroupType = wrapper.xcdatamodel;
		};
/* End XCVersionGroup section */
	};
	rootObject = 301BFD0724E6E6C4008251AB /* Project object */;
}
